
Microsoft Visual Studio Solution File, Format Version 12.00
# Visual Studio Version 17
VisualStudioVersion = 17.14.36511.14 d17.14
MinimumVisualStudioVersion = 10.0.40219.1
Project("{FAE04EC0-301F-11D3-BF4B-00C04F79EFBC}") = "blog", "blog\blog.csproj", "{EC1F5943-418F-4A00-992E-12321AD0542F}"
EndProject
Global
	GlobalSection(SolutionConfigurationPlatforms) = preSolution
		Debug|Any CPU = Debug|Any CPU
		Release|Any CPU = Release|Any CPU
	EndGlobalSection
	GlobalSection(ProjectConfigurationPlatforms) = postSolution
		{EC1F5943-418F-4A00-992E-12321AD0542F}.Debug|Any CPU.ActiveCfg = Debug|Any CPU
		{EC1F5943-418F-4A00-992E-12321AD0542F}.Debug|Any CPU.Build.0 = Debug|Any CPU
		{EC1F5943-418F-4A00-992E-12321AD0542F}.Release|Any CPU.ActiveCfg = Release|Any CPU
		{EC1F5943-418F-4A00-992E-12321AD0542F}.Release|Any CPU.Build.0 = Release|Any CPU
	EndGlobalSection
	GlobalSection(SolutionProperties) = preSolution
		HideSolutionNode = FALSE
	EndGlobalSection
	GlobalSection(ExtensibilityGlobals) = postSolution
		SolutionGuid = {F89EA0AE-24A7-4055-B9AE-ACF3E293FA63}
	EndGlobalSection
EndGlobal
